
Microsoft Visual Studio Solution File, Format Version 12.00
# Visual Studio Version 16
VisualStudioVersion = 16.0.30330.147
MinimumVisualStudioVersion = 10.0.40219.1
Project("{FAE04EC0-301F-11D3-BF4B-00C04F79EFBC}") = "HeartMonitor", "HeartMonitor\HeartMonitor.csproj", "{08356687-C12D-4129-8201-6D5D8F7E5691}"
EndProject
Project("{9A19103F-16F7-4668-BE54-9A1E7A4F7556}") = "WSMonitor", "WSMonitor\WSMonitor.csproj", "{001C02E4-A380-460F-9592-ADAB0328E6FA}"
EndProject
Project("{FAE04EC0-301F-11D3-BF4B-00C04F79EFBC}") = "Testing", "Testing\Testing.csproj", "{33DDD953-2D16-4616-B9EF-80A194F075C3}"
EndProject
Global
	GlobalSection(SolutionConfigurationPlatforms) = preSolution
		Debug|Any CPU = Debug|Any CPU
		Release|Any CPU = Release|Any CPU
	EndGlobalSection
	GlobalSection(ProjectConfigurationPlatforms) = postSolution
		{08356687-C12D-4129-8201-6D5D8F7E5691}.Debug|Any CPU.ActiveCfg = Debug|Any CPU
		{08356687-C12D-4129-8201-6D5D8F7E5691}.Debug|Any CPU.Build.0 = Debug|Any CPU
		{08356687-C12D-4129-8201-6D5D8F7E5691}.Release|Any CPU.ActiveCfg = Release|Any CPU
		{08356687-C12D-4129-8201-6D5D8F7E5691}.Release|Any CPU.Build.0 = Release|Any CPU
		{001C02E4-A380-460F-9592-ADAB0328E6FA}.Debug|Any CPU.ActiveCfg = Debug|Any CPU
		{001C02E4-A380-460F-9592-ADAB0328E6FA}.Debug|Any CPU.Build.0 = Debug|Any CPU
		{001C02E4-A380-460F-9592-ADAB0328E6FA}.Release|Any CPU.ActiveCfg = Release|Any CPU
		{001C02E4-A380-460F-9592-ADAB0328E6FA}.Release|Any CPU.Build.0 = Release|Any CPU
		{33DDD953-2D16-4616-B9EF-80A194F075C3}.Debug|Any CPU.ActiveCfg = Debug|Any CPU
		{33DDD953-2D16-4616-B9EF-80A194F075C3}.Debug|Any CPU.Build.0 = Debug|Any CPU
		{33DDD953-2D16-4616-B9EF-80A194F075C3}.Release|Any CPU.ActiveCfg = Release|Any CPU
		{33DDD953-2D16-4616-B9EF-80A194F075C3}.Release|Any CPU.Build.0 = Release|Any CPU
	EndGlobalSection
	GlobalSection(SolutionProperties) = preSolution
		HideSolutionNode = FALSE
	EndGlobalSection
	GlobalSection(ExtensibilityGlobals) = postSolution
		SolutionGuid = {9569BD88-3261-43DA-8100-38B331146C50}
	EndGlobalSection
EndGlobal
